
Microsoft Visual Studio Solution File, Format Version 12.00
# Visual Studio 15
VisualStudioVersion = 15.0.28307.1022
MinimumVisualStudioVersion = 10.0.40219.1
Project("{FAE04EC0-301F-11D3-BF4B-00C04F79EFBC}") = "SudokuSolver", "SudokuSolver\SudokuSolver.csproj", "{D93120C0-BE63-4B10-A26E-E6BC36F45B2B}"
EndProject
Global
	GlobalSection(SolutionConfigurationPlatforms) = preSolution
		Debug|Any CPU = Debug|Any CPU
		Release|Any CPU = Release|Any CPU
	EndGlobalSection
	GlobalSection(ProjectConfigurationPlatforms) = postSolution
		{D93120C0-BE63-4B10-A26E-E6BC36F45B2B}.Debug|Any CPU.ActiveCfg = Debug|Any CPU
		{D93120C0-BE63-4B10-A26E-E6BC36F45B2B}.Debug|Any CPU.Build.0 = Debug|Any CPU
		{D93120C0-BE63-4B10-A26E-E6BC36F45B2B}.Release|Any CPU.ActiveCfg = Release|Any CPU
		{D93120C0-BE63-4B10-A26E-E6BC36F45B2B}.Release|Any CPU.Build.0 = Release|Any CPU
	EndGlobalSection
	GlobalSection(SolutionProperties) = preSolution
		HideSolutionNode = FALSE
	EndGlobalSection
	GlobalSection(ExtensibilityGlobals) = postSolution
		SolutionGuid = {8D807432-FBCE-485F-A7D8-5320462D0348}
	EndGlobalSection
EndGlobal
